
Microsoft Visual Studio Solution File, Format Version 12.00
# Visual Studio Version 16
VisualStudioVersion = 25.0.1704.2
MinimumVisualStudioVersion = 10.0.40219.1
Project("{FAE04EC0-301F-11D3-BF4B-00C04F79EFBC}") = "sudoku", "sudoku\sudoku.csproj", "{8BF3E84F-2D55-452C-9D38-56A4FD183A6C}"
EndProject
Project("{FAE04EC0-301F-11D3-BF4B-00C04F79EFBC}") = "testing", "testing\testing.csproj", "{C88B283F-F1F2-485A-8FA9-4CE7AE4E0861}"
EndProject
Global
	GlobalSection(SolutionConfigurationPlatforms) = preSolution
		Debug|Any CPU = Debug|Any CPU
		Release|Any CPU = Release|Any CPU
	EndGlobalSection
	GlobalSection(ProjectConfigurationPlatforms) = postSolution
		{8BF3E84F-2D55-452C-9D38-56A4FD183A6C}.Debug|Any CPU.ActiveCfg = Debug|Any CPU
		{8BF3E84F-2D55-452C-9D38-56A4FD183A6C}.Debug|Any CPU.Build.0 = Debug|Any CPU
		{8BF3E84F-2D55-452C-9D38-56A4FD183A6C}.Release|Any CPU.ActiveCfg = Release|Any CPU
		{8BF3E84F-2D55-452C-9D38-56A4FD183A6C}.Release|Any CPU.Build.0 = Release|Any CPU
		{C88B283F-F1F2-485A-8FA9-4CE7AE4E0861}.Debug|Any CPU.ActiveCfg = Debug|Any CPU
		{C88B283F-F1F2-485A-8FA9-4CE7AE4E0861}.Debug|Any CPU.Build.0 = Debug|Any CPU
		{C88B283F-F1F2-485A-8FA9-4CE7AE4E0861}.Release|Any CPU.ActiveCfg = Release|Any CPU
		{C88B283F-F1F2-485A-8FA9-4CE7AE4E0861}.Release|Any CPU.Build.0 = Release|Any CPU
	EndGlobalSection
	GlobalSection(SolutionProperties) = preSolution
		HideSolutionNode = FALSE
	EndGlobalSection
	GlobalSection(ExtensibilityGlobals) = postSolution
		SolutionGuid = {237DCB5E-524D-478B-AB38-6DD5D62610F1}
	EndGlobalSection
EndGlobal
